
Microsoft Visual Studio Solution File, Format Version 12.00
# Visual Studio Version 17
VisualStudioVersion = 17.0.31919.166
MinimumVisualStudioVersion = 10.0.40219.1
Project("{FAE04EC0-301F-11D3-BF4B-00C04F79EFBC}") = "WebApi", "WebApplication1\WebApi.csproj", "{E787C61B-2ED3-4DAB-AF57-C02C3085CA6C}"
EndProject
Global
	GlobalSection(SolutionConfigurationPlatforms) = preSolution
		Debug|Any CPU = Debug|Any CPU
		Release|Any CPU = Release|Any CPU
	EndGlobalSection
	GlobalSection(ProjectConfigurationPlatforms) = postSolution
		{E787C61B-2ED3-4DAB-AF57-C02C3085CA6C}.Debug|Any CPU.ActiveCfg = Debug|Any CPU
		{E787C61B-2ED3-4DAB-AF57-C02C3085CA6C}.Debug|Any CPU.Build.0 = Debug|Any CPU
		{E787C61B-2ED3-4DAB-AF57-C02C3085CA6C}.Release|Any CPU.ActiveCfg = Release|Any CPU
		{E787C61B-2ED3-4DAB-AF57-C02C3085CA6C}.Release|Any CPU.Build.0 = Release|Any CPU
	EndGlobalSection
	GlobalSection(SolutionProperties) = preSolution
		HideSolutionNode = FALSE
	EndGlobalSection
	GlobalSection(ExtensibilityGlobals) = postSolution
		SolutionGuid = {6EBCD1A7-94CE-460A-B2AA-192C7D8DF87F}
	EndGlobalSection
EndGlobal
